
Microsoft Visual Studio Solution File, Format Version 12.00
# Visual Studio Version 17
VisualStudioVersion = 17.9.34622.214
MinimumVisualStudioVersion = 10.0.40219.1
Project("{9A19103F-16F7-4668-BE54-9A1E7A4F7556}") = "Code_First", "Database_First\Code_First.csproj", "{957C8892-B625-4DBB-88EA-1551A4C5A0CF}"
EndProject
Project("{9A19103F-16F7-4668-BE54-9A1E7A4F7556}") = "Persisting_The_Data_Delete", "Persisting_The_Data_Delete\Persisting_The_Data_Delete.csproj", "{E79D571F-29B0-4556-819E-3BDAC9825CB8}"
EndProject
Project("{9A19103F-16F7-4668-BE54-9A1E7A4F7556}") = "Querying", "Querying\Querying.csproj", "{904A24B6-1F76-4D8F-8F55-A78C4E240925}"
EndProject
Project("{9A19103F-16F7-4668-BE54-9A1E7A4F7556}") = "Change_Tracker", "Change_Tracker\Change_Tracker.csproj", "{2B6E3DA6-53DA-4FCA-BF5D-404092C256EF}"
EndProject
Project("{9A19103F-16F7-4668-BE54-9A1E7A4F7556}") = "Tracking", "Change_Tracker_Methods\Tracking.csproj", "{7EA4CBE3-31B6-4C8B-9823-29BA8AE01541}"
EndProject
Project("{9A19103F-16F7-4668-BE54-9A1E7A4F7556}") = "Relationships", "Relationships\Relationships.csproj", "{9CE41F7A-958C-4550-9A18-0655A9045BBE}"
EndProject
Project("{9A19103F-16F7-4668-BE54-9A1E7A4F7556}") = "One_to_One_Relationship", "One_to_One_Relationship\One_to_One_Relationship.csproj", "{AC067CA1-24D1-45C2-9831-C3D7F7CD5450}"
EndProject
Project("{9A19103F-16F7-4668-BE54-9A1E7A4F7556}") = "One_to_Many_Relationship", "One_to_Many_Relationship\One_to_Many_Relationship.csproj", "{EDF4A94A-C444-4842-9441-71DEF85E6242}"
EndProject
Project("{9A19103F-16F7-4668-BE54-9A1E7A4F7556}") = "Many_to_Many_Relationship", "Many_to_Many_Relationship\Many_to_Many_Relationship.csproj", "{A4BB71A2-4A57-4C83-A44D-761A01691510}"
EndProject
Project("{9A19103F-16F7-4668-BE54-9A1E7A4F7556}") = "Saving_Related_Data", "Saving_Related_Data\Saving_Related_Data.csproj", "{A140459A-0B1A-4395-A0C3-E1E5FD991E3E}"
EndProject
Project("{FAE04EC0-301F-11D3-BF4B-00C04F79EFBC}") = "Updating_Related_Data", "Updatipng_Related_Data\Updating_Related_Data.csproj", "{736E96F7-5C7A-4283-B12A-47282C1C7E9A}"
EndProject
Project("{9A19103F-16F7-4668-BE54-9A1E7A4F7556}") = "Deleting_Related_Data", "Deleting_Related_Data\Deleting_Related_Data.csproj", "{27D9F83F-1D96-4FB1-9D5D-29B6251B08F5}"
EndProject
Project("{9A19103F-16F7-4668-BE54-9A1E7A4F7556}") = "Backing_Fields", "Backing_Fields\Backing_Fields.csproj", "{92DE2A92-2C30-4395-B0F2-BA71E50327C5}"
EndProject
Project("{9A19103F-16F7-4668-BE54-9A1E7A4F7556}") = "Shadow_Property", "Shadow_Property\Shadow_Property.csproj", "{915DA4C4-7A57-4DA5-ACA1-E475536461C9}"
EndProject
Project("{9A19103F-16F7-4668-BE54-9A1E7A4F7556}") = "EF_Core_Configuration", "EF_Core_Configuration\EF_Core_Configuration.csproj", "{3740FF25-B361-4E60-BACE-083094D7956C}"
EndProject
Project("{9A19103F-16F7-4668-BE54-9A1E7A4F7556}") = "Generated_Values", "Generated_Values\Generated_Values.csproj", "{359BC7F6-1A0E-4E0C-B960-AD99CDD43B4A}"
EndProject
Project("{9A19103F-16F7-4668-BE54-9A1E7A4F7556}") = "Separate_Configuration_Classes", "Separate_Configuration_Classes\Separate_Configuration_Classes.csproj", "{5D7A3383-1BD1-4BFA-8F79-87149BEBBC86}"
EndProject
Project("{9A19103F-16F7-4668-BE54-9A1E7A4F7556}") = "Data_Seeding", "Data_Seeding\Data_Seeding.csproj", "{9D52ACBE-A906-4BBC-82A7-34A52E431E9A}"
EndProject
Project("{9A19103F-16F7-4668-BE54-9A1E7A4F7556}") = "Inheritance_Table_Per_Hierarchy", "Inheritance_Table_Per_Hierarchy\Inheritance_Table_Per_Hierarchy.csproj", "{43ED38DA-5F78-4FC1-8994-95B3AD135E5E}"
EndProject
Project("{9A19103F-16F7-4668-BE54-9A1E7A4F7556}") = "Inheritance_Table_Per_Type", "Inheritance_Table_Per_Type\Inheritance_Table_Per_Type.csproj", "{C7A2B8A4-7D27-4729-93A3-1B046F27F3BC}"
EndProject
Project("{9A19103F-16F7-4668-BE54-9A1E7A4F7556}") = "Inheritance_Table_Per_Concrete_Type", "Inheritance_Table_Per_Concrete_Type\Inheritance_Table_Per_Concrete_Type.csproj", "{A28D7CAF-052E-42E0-B055-C0B052D9590A}"
EndProject
Project("{9A19103F-16F7-4668-BE54-9A1E7A4F7556}") = "Constraints", "Constraints\Constraints.csproj", "{54367C06-EE54-41F3-BC94-194EE825D8B3}"
EndProject
Project("{9A19103F-16F7-4668-BE54-9A1E7A4F7556}") = "Indexes", "Indexes\Indexes.csproj", "{A8BF87E3-A0E5-429C-A3EB-D0039B5C7343}"
EndProject
Project("{9A19103F-16F7-4668-BE54-9A1E7A4F7556}") = "Sequences", "Sequences\Sequences.csproj", "{093DF553-BF0A-4616-9A4F-360945B5F4B5}"
EndProject
Project("{9A19103F-16F7-4668-BE54-9A1E7A4F7556}") = "Loading_Related_Data_Eager_Loading", "Loading_Related_Data\Loading_Related_Data_Eager_Loading.csproj", "{CCBCC6CF-0E38-49D9-A8E2-4CF540C7A846}"
EndProject
Project("{9A19103F-16F7-4668-BE54-9A1E7A4F7556}") = "Loading_Related_Data_Explicit_Loading", "Loading_Related_Data_Explicit_Loading\Loading_Related_Data_Explicit_Loading.csproj", "{374DFB1C-456C-4E34-953D-46C734A9E38F}"
EndProject
Project("{9A19103F-16F7-4668-BE54-9A1E7A4F7556}") = "Loading_Related_Data_Lazy_Loading", "Loading_Related_Data_Lazy_Loading\Loading_Related_Data_Lazy_Loading.csproj", "{80968CFF-0F06-45B3-9100-F93F9A8CFF41}"
EndProject
Project("{9A19103F-16F7-4668-BE54-9A1E7A4F7556}") = "Complex_Relational_Queries", "Complex_Relational_Queries\Complex_Relational_Queries.csproj", "{779F7A23-AE8F-4B69-B635-8AD3153375A1}"
EndProject
Project("{9A19103F-16F7-4668-BE54-9A1E7A4F7556}") = "Sql_Queries", "Sql_Queries\Sql_Queries.csproj", "{68198A85-C948-4B45-94FD-6412DC2FD14C}"
EndProject
Project("{FAE04EC0-301F-11D3-BF4B-00C04F79EFBC}") = "Views", "Views\Views.csproj", "{4C50E8EF-C71B-41E9-8A76-A8269A316329}"
EndProject
Project("{9A19103F-16F7-4668-BE54-9A1E7A4F7556}") = "Stored_Procedures", "Stored_Procedures\Stored_Procedures.csproj", "{94CAC9AA-E9FE-4117-9DD1-DC7FD437E856}"
EndProject
Project("{FAE04EC0-301F-11D3-BF4B-00C04F79EFBC}") = "Functions", "Functions\Functions.csproj", "{F6CA1FD4-7AF3-4A43-8367-82BC7B6C3D44}"
EndProject
Project("{FAE04EC0-301F-11D3-BF4B-00C04F79EFBC}") = "EF_Core_AdoNet", "EF_Core_AdoNet\EF_Core_AdoNet.csproj", "{219ADF61-F8D9-438C-A1E8-47692B8265D5}"
EndProject
Project("{9A19103F-16F7-4668-BE54-9A1E7A4F7556}") = "Keyless_Entity_Types", "Keyless_Entity_Types\Keyless_Entity_Types.csproj", "{A3529F83-FD23-47A6-B6EF-8E07EF981BE9}"
EndProject
Project("{9A19103F-16F7-4668-BE54-9A1E7A4F7556}") = "EF_Core_Logging", "EF_Core_Logging\EF_Core_Logging.csproj", "{B8A522CC-F8C3-4259-A38B-55C18EE0A8CA}"
EndProject
Project("{FAE04EC0-301F-11D3-BF4B-00C04F79EFBC}") = "Query_Log", "Query_Log\Query_Log.csproj", "{2B8FE366-61C5-459C-BC6C-A0FF51D8F95B}"
EndProject
Project("{FAE04EC0-301F-11D3-BF4B-00C04F79EFBC}") = "Query_Tag", "Query_Tag\Query_Tag.csproj", "{EB8A8D60-42AB-486C-A776-34C759E6E713}"
EndProject
Project("{FAE04EC0-301F-11D3-BF4B-00C04F79EFBC}") = "Global_Query_Filters", "Global_Query_Filters\Global_Query_Filters.csproj", "{D725DE1F-3604-4193-9F3F-BDC11DCAFFC3}"
EndProject
Project("{FAE04EC0-301F-11D3-BF4B-00C04F79EFBC}") = "Owned_Entities_and_Table_Splitting", "Owned_Entities_and_Table_Splitting\Owned_Entities_and_Table_Splitting.csproj", "{7DA79A05-1D22-4113-8DE7-CA715360AB18}"
EndProject
Project("{9A19103F-16F7-4668-BE54-9A1E7A4F7556}") = "Temporal_Tables", "Temporal_Tables\Temporal_Tables.csproj", "{E27EEF57-9705-447A-B8EE-E319709498E0}"
EndProject
Project("{FAE04EC0-301F-11D3-BF4B-00C04F79EFBC}") = "Connection_Resiliency", "Connection_Resiliency\Connection_Resiliency.csproj", "{6F350D75-2E87-4392-814A-77F0DA2CC091}"
EndProject
Project("{FAE04EC0-301F-11D3-BF4B-00C04F79EFBC}") = "Data_Concurrency", "Data_Concurrency\Data_Concurrency.csproj", "{F3A4C967-C38B-4D2A-9B52-0132B8A4AB2D}"
EndProject
Project("{9A19103F-16F7-4668-BE54-9A1E7A4F7556}") = "Value_Conversions", "Value_Conversions\Value_Conversions.csproj", "{3C169A2B-9C16-4990-9DBB-1B09ADC90ADE}"
EndProject
Project("{FAE04EC0-301F-11D3-BF4B-00C04F79EFBC}") = "Transaction", "Transaction\Transaction.csproj", "{ABD52C13-26FF-4DF1-B6F5-CBE1F6F16CD8}"
EndProject
Project("{FAE04EC0-301F-11D3-BF4B-00C04F79EFBC}") = "EF_Core_In_Memory_Database", "EF_Core_In_Memory_Database\EF_Core_In_Memory_Database.csproj", "{8E757634-2291-430E-9F26-87CA9CE387B5}"
EndProject
Project("{FAE04EC0-301F-11D3-BF4B-00C04F79EFBC}") = "EF_Core_Efficient_Querying", "EF_Core_Efficient_Querying\EF_Core_Efficient_Querying.csproj", "{9C931942-4419-4F53-82A5-7724FE075769}"
EndProject
Project("{FAE04EC0-301F-11D3-BF4B-00C04F79EFBC}") = "EF_Core_7_Bulk_Update_And_Delete", "EF_Core_7_Bulk_Update_And_Delete\EF_Core_7_Bulk_Update_And_Delete.csproj", "{726C408E-793A-44F6-85CF-668E577CA3BA}"
EndProject
Project("{FAE04EC0-301F-11D3-BF4B-00C04F79EFBC}") = "EF_Core_Injecting_Services_Into_Entities", "EF_Core_Injecting_Services_Into_Entities\EF_Core_Injecting_Services_Into_Entities.csproj", "{B8DC64C3-717B-436B-A7FE-6D88D7D4AF0B}"
EndProject
Global
	GlobalSection(SolutionConfigurationPlatforms) = preSolution
		Debug|Any CPU = Debug|Any CPU
		Release|Any CPU = Release|Any CPU
	EndGlobalSection
	GlobalSection(ProjectConfigurationPlatforms) = postSolution
		{957C8892-B625-4DBB-88EA-1551A4C5A0CF}.Debug|Any CPU.ActiveCfg = Debug|Any CPU
		{957C8892-B625-4DBB-88EA-1551A4C5A0CF}.Debug|Any CPU.Build.0 = Debug|Any CPU
		{957C8892-B625-4DBB-88EA-1551A4C5A0CF}.Release|Any CPU.ActiveCfg = Release|Any CPU
		{957C8892-B625-4DBB-88EA-1551A4C5A0CF}.Release|Any CPU.Build.0 = Release|Any CPU
		{E79D571F-29B0-4556-819E-3BDAC9825CB8}.Debug|Any CPU.ActiveCfg = Debug|Any CPU
		{E79D571F-29B0-4556-819E-3BDAC9825CB8}.Debug|Any CPU.Build.0 = Debug|Any CPU
		{E79D571F-29B0-4556-819E-3BDAC9825CB8}.Release|Any CPU.ActiveCfg = Release|Any CPU
		{E79D571F-29B0-4556-819E-3BDAC9825CB8}.Release|Any CPU.Build.0 = Release|Any CPU
		{904A24B6-1F76-4D8F-8F55-A78C4E240925}.Debug|Any CPU.ActiveCfg = Debug|Any CPU
		{904A24B6-1F76-4D8F-8F55-A78C4E240925}.Debug|Any CPU.Build.0 = Debug|Any CPU
		{904A24B6-1F76-4D8F-8F55-A78C4E240925}.Release|Any CPU.ActiveCfg = Release|Any CPU
		{904A24B6-1F76-4D8F-8F55-A78C4E240925}.Release|Any CPU.Build.0 = Release|Any CPU
		{2B6E3DA6-53DA-4FCA-BF5D-404092C256EF}.Debug|Any CPU.ActiveCfg = Debug|Any CPU
		{2B6E3DA6-53DA-4FCA-BF5D-404092C256EF}.Debug|Any CPU.Build.0 = Debug|Any CPU
		{2B6E3DA6-53DA-4FCA-BF5D-404092C256EF}.Release|Any CPU.ActiveCfg = Release|Any CPU
		{2B6E3DA6-53DA-4FCA-BF5D-404092C256EF}.Release|Any CPU.Build.0 = Release|Any CPU
		{7EA4CBE3-31B6-4C8B-9823-29BA8AE01541}.Debug|Any CPU.ActiveCfg = Debug|Any CPU
		{7EA4CBE3-31B6-4C8B-9823-29BA8AE01541}.Debug|Any CPU.Build.0 = Debug|Any CPU
		{7EA4CBE3-31B6-4C8B-9823-29BA8AE01541}.Release|Any CPU.ActiveCfg = Release|Any CPU
		{7EA4CBE3-31B6-4C8B-9823-29BA8AE01541}.Release|Any CPU.Build.0 = Release|Any CPU
		{9CE41F7A-958C-4550-9A18-0655A9045BBE}.Debug|Any CPU.ActiveCfg = Debug|Any CPU
		{9CE41F7A-958C-4550-9A18-0655A9045BBE}.Debug|Any CPU.Build.0 = Debug|Any CPU
		{9CE41F7A-958C-4550-9A18-0655A9045BBE}.Release|Any CPU.ActiveCfg = Release|Any CPU
		{9CE41F7A-958C-4550-9A18-0655A9045BBE}.Release|Any CPU.Build.0 = Release|Any CPU
		{AC067CA1-24D1-45C2-9831-C3D7F7CD5450}.Debug|Any CPU.ActiveCfg = Debug|Any CPU
		{AC067CA1-24D1-45C2-9831-C3D7F7CD5450}.Debug|Any CPU.Build.0 = Debug|Any CPU
		{AC067CA1-24D1-45C2-9831-C3D7F7CD5450}.Release|Any CPU.ActiveCfg = Release|Any CPU
		{AC067CA1-24D1-45C2-9831-C3D7F7CD5450}.Release|Any CPU.Build.0 = Release|Any CPU
		{EDF4A94A-C444-4842-9441-71DEF85E6242}.Debug|Any CPU.ActiveCfg = Debug|Any CPU
		{EDF4A94A-C444-4842-9441-71DEF85E6242}.Debug|Any CPU.Build.0 = Debug|Any CPU
		{EDF4A94A-C444-4842-9441-71DEF85E6242}.Release|Any CPU.ActiveCfg = Release|Any CPU
		{EDF4A94A-C444-4842-9441-71DEF85E6242}.Release|Any CPU.Build.0 = Release|Any CPU
		{A4BB71A2-4A57-4C83-A44D-761A01691510}.Debug|Any CPU.ActiveCfg = Debug|Any CPU
		{A4BB71A2-4A57-4C83-A44D-761A01691510}.Debug|Any CPU.Build.0 = Debug|Any CPU
		{A4BB71A2-4A57-4C83-A44D-761A01691510}.Release|Any CPU.ActiveCfg = Release|Any CPU
		{A4BB71A2-4A57-4C83-A44D-761A01691510}.Release|Any CPU.Build.0 = Release|Any CPU
		{A140459A-0B1A-4395-A0C3-E1E5FD991E3E}.Debug|Any CPU.ActiveCfg = Debug|Any CPU
		{A140459A-0B1A-4395-A0C3-E1E5FD991E3E}.Debug|Any CPU.Build.0 = Debug|Any CPU
		{A140459A-0B1A-4395-A0C3-E1E5FD991E3E}.Release|Any CPU.ActiveCfg = Release|Any CPU
		{A140459A-0B1A-4395-A0C3-E1E5FD991E3E}.Release|Any CPU.Build.0 = Release|Any CPU
		{736E96F7-5C7A-4283-B12A-47282C1C7E9A}.Debug|Any CPU.ActiveCfg = Debug|Any CPU
		{736E96F7-5C7A-4283-B12A-47282C1C7E9A}.Debug|Any CPU.Build.0 = Debug|Any CPU
		{736E96F7-5C7A-4283-B12A-47282C1C7E9A}.Release|Any CPU.ActiveCfg = Release|Any CPU
		{736E96F7-5C7A-4283-B12A-47282C1C7E9A}.Release|Any CPU.Build.0 = Release|Any CPU
		{27D9F83F-1D96-4FB1-9D5D-29B6251B08F5}.Debug|Any CPU.ActiveCfg = Debug|Any CPU
		{27D9F83F-1D96-4FB1-9D5D-29B6251B08F5}.Debug|Any CPU.Build.0 = Debug|Any CPU
		{27D9F83F-1D96-4FB1-9D5D-29B6251B08F5}.Release|Any CPU.ActiveCfg = Release|Any CPU
		{27D9F83F-1D96-4FB1-9D5D-29B6251B08F5}.Release|Any CPU.Build.0 = Release|Any CPU
		{92DE2A92-2C30-4395-B0F2-BA71E50327C5}.Debug|Any CPU.ActiveCfg = Debug|Any CPU
		{92DE2A92-2C30-4395-B0F2-BA71E50327C5}.Debug|Any CPU.Build.0 = Debug|Any CPU
		{92DE2A92-2C30-4395-B0F2-BA71E50327C5}.Release|Any CPU.ActiveCfg = Release|Any CPU
		{92DE2A92-2C30-4395-B0F2-BA71E50327C5}.Release|Any CPU.Build.0 = Release|Any CPU
		{915DA4C4-7A57-4DA5-ACA1-E475536461C9}.Debug|Any CPU.ActiveCfg = Debug|Any CPU
		{915DA4C4-7A57-4DA5-ACA1-E475536461C9}.Debug|Any CPU.Build.0 = Debug|Any CPU
		{915DA4C4-7A57-4DA5-ACA1-E475536461C9}.Release|Any CPU.ActiveCfg = Release|Any CPU
		{915DA4C4-7A57-4DA5-ACA1-E475536461C9}.Release|Any CPU.Build.0 = Release|Any CPU
		{3740FF25-B361-4E60-BACE-083094D7956C}.Debug|Any CPU.ActiveCfg = Debug|Any CPU
		{3740FF25-B361-4E60-BACE-083094D7956C}.Debug|Any CPU.Build.0 = Debug|Any CPU
		{3740FF25-B361-4E60-BACE-083094D7956C}.Release|Any CPU.ActiveCfg = Release|Any CPU
		{3740FF25-B361-4E60-BACE-083094D7956C}.Release|Any CPU.Build.0 = Release|Any CPU
		{359BC7F6-1A0E-4E0C-B960-AD99CDD43B4A}.Debug|Any CPU.ActiveCfg = Debug|Any CPU
		{359BC7F6-1A0E-4E0C-B960-AD99CDD43B4A}.Debug|Any CPU.Build.0 = Debug|Any CPU
		{359BC7F6-1A0E-4E0C-B960-AD99CDD43B4A}.Release|Any CPU.ActiveCfg = Release|Any CPU
		{359BC7F6-1A0E-4E0C-B960-AD99CDD43B4A}.Release|Any CPU.Build.0 = Release|Any CPU
		{5D7A3383-1BD1-4BFA-8F79-87149BEBBC86}.Debug|Any CPU.ActiveCfg = Debug|Any CPU
		{5D7A3383-1BD1-4BFA-8F79-87149BEBBC86}.Debug|Any CPU.Build.0 = Debug|Any CPU
		{5D7A3383-1BD1-4BFA-8F79-87149BEBBC86}.Release|Any CPU.ActiveCfg = Release|Any CPU
		{5D7A3383-1BD1-4BFA-8F79-87149BEBBC86}.Release|Any CPU.Build.0 = Release|Any CPU
		{9D52ACBE-A906-4BBC-82A7-34A52E431E9A}.Debug|Any CPU.ActiveCfg = Debug|Any CPU
		{9D52ACBE-A906-4BBC-82A7-34A52E431E9A}.Debug|Any CPU.Build.0 = Debug|Any CPU
		{9D52ACBE-A906-4BBC-82A7-34A52E431E9A}.Release|Any CPU.ActiveCfg = Release|Any CPU
		{9D52ACBE-A906-4BBC-82A7-34A52E431E9A}.Release|Any CPU.Build.0 = Release|Any CPU
		{43ED38DA-5F78-4FC1-8994-95B3AD135E5E}.Debug|Any CPU.ActiveCfg = Debug|Any CPU
		{43ED38DA-5F78-4FC1-8994-95B3AD135E5E}.Debug|Any CPU.Build.0 = Debug|Any CPU
		{43ED38DA-5F78-4FC1-8994-95B3AD135E5E}.Release|Any CPU.ActiveCfg = Release|Any CPU
		{43ED38DA-5F78-4FC1-8994-95B3AD135E5E}.Release|Any CPU.Build.0 = Release|Any CPU
		{C7A2B8A4-7D27-4729-93A3-1B046F27F3BC}.Debug|Any CPU.ActiveCfg = Debug|Any CPU
		{C7A2B8A4-7D27-4729-93A3-1B046F27F3BC}.Debug|Any CPU.Build.0 = Debug|Any CPU
		{C7A2B8A4-7D27-4729-93A3-1B046F27F3BC}.Release|Any CPU.ActiveCfg = Release|Any CPU
		{C7A2B8A4-7D27-4729-93A3-1B046F27F3BC}.Release|Any CPU.Build.0 = Release|Any CPU
		{A28D7CAF-052E-42E0-B055-C0B052D9590A}.Debug|Any CPU.ActiveCfg = Debug|Any CPU
		{A28D7CAF-052E-42E0-B055-C0B052D9590A}.Debug|Any CPU.Build.0 = Debug|Any CPU
		{A28D7CAF-052E-42E0-B055-C0B052D9590A}.Release|Any CPU.ActiveCfg = Release|Any CPU
		{A28D7CAF-052E-42E0-B055-C0B052D9590A}.Release|Any CPU.Build.0 = Release|Any CPU
		{54367C06-EE54-41F3-BC94-194EE825D8B3}.Debug|Any CPU.ActiveCfg = Debug|Any CPU
		{54367C06-EE54-41F3-BC94-194EE825D8B3}.Debug|Any CPU.Build.0 = Debug|Any CPU
		{54367C06-EE54-41F3-BC94-194EE825D8B3}.Release|Any CPU.ActiveCfg = Release|Any CPU
		{54367C06-EE54-41F3-BC94-194EE825D8B3}.Release|Any CPU.Build.0 = Release|Any CPU
		{A8BF87E3-A0E5-429C-A3EB-D0039B5C7343}.Debug|Any CPU.ActiveCfg = Debug|Any CPU
		{A8BF87E3-A0E5-429C-A3EB-D0039B5C7343}.Debug|Any CPU.Build.0 = Debug|Any CPU
		{A8BF87E3-A0E5-429C-A3EB-D0039B5C7343}.Release|Any CPU.ActiveCfg = Release|Any CPU
		{A8BF87E3-A0E5-429C-A3EB-D0039B5C7343}.Release|Any CPU.Build.0 = Release|Any CPU
		{093DF553-BF0A-4616-9A4F-360945B5F4B5}.Debug|Any CPU.ActiveCfg = Debug|Any CPU
		{093DF553-BF0A-4616-9A4F-360945B5F4B5}.Debug|Any CPU.Build.0 = Debug|Any CPU
		{093DF553-BF0A-4616-9A4F-360945B5F4B5}.Release|Any CPU.ActiveCfg = Release|Any CPU
		{093DF553-BF0A-4616-9A4F-360945B5F4B5}.Release|Any CPU.Build.0 = Release|Any CPU
		{CCBCC6CF-0E38-49D9-A8E2-4CF540C7A846}.Debug|Any CPU.ActiveCfg = Debug|Any CPU
		{CCBCC6CF-0E38-49D9-A8E2-4CF540C7A846}.Debug|Any CPU.Build.0 = Debug|Any CPU
		{CCBCC6CF-0E38-49D9-A8E2-4CF540C7A846}.Release|Any CPU.ActiveCfg = Release|Any CPU
		{CCBCC6CF-0E38-49D9-A8E2-4CF540C7A846}.Release|Any CPU.Build.0 = Release|Any CPU
		{374DFB1C-456C-4E34-953D-46C734A9E38F}.Debug|Any CPU.ActiveCfg = Debug|Any CPU
		{374DFB1C-456C-4E34-953D-46C734A9E38F}.Debug|Any CPU.Build.0 = Debug|Any CPU
		{374DFB1C-456C-4E34-953D-46C734A9E38F}.Release|Any CPU.ActiveCfg = Release|Any CPU
		{374DFB1C-456C-4E34-953D-46C734A9E38F}.Release|Any CPU.Build.0 = Release|Any CPU
		{80968CFF-0F06-45B3-9100-F93F9A8CFF41}.Debug|Any CPU.ActiveCfg = Debug|Any CPU
		{80968CFF-0F06-45B3-9100-F93F9A8CFF41}.Debug|Any CPU.Build.0 = Debug|Any CPU
		{80968CFF-0F06-45B3-9100-F93F9A8CFF41}.Release|Any CPU.ActiveCfg = Release|Any CPU
		{80968CFF-0F06-45B3-9100-F93F9A8CFF41}.Release|Any CPU.Build.0 = Release|Any CPU
		{779F7A23-AE8F-4B69-B635-8AD3153375A1}.Debug|Any CPU.ActiveCfg = Debug|Any CPU
		{779F7A23-AE8F-4B69-B635-8AD3153375A1}.Debug|Any CPU.Build.0 = Debug|Any CPU
		{779F7A23-AE8F-4B69-B635-8AD3153375A1}.Release|Any CPU.ActiveCfg = Release|Any CPU
		{779F7A23-AE8F-4B69-B635-8AD3153375A1}.Release|Any CPU.Build.0 = Release|Any CPU
		{68198A85-C948-4B45-94FD-6412DC2FD14C}.Debug|Any CPU.ActiveCfg = Debug|Any CPU
		{68198A85-C948-4B45-94FD-6412DC2FD14C}.Debug|Any CPU.Build.0 = Debug|Any CPU
		{68198A85-C948-4B45-94FD-6412DC2FD14C}.Release|Any CPU.ActiveCfg = Release|Any CPU
		{68198A85-C948-4B45-94FD-6412DC2FD14C}.Release|Any CPU.Build.0 = Release|Any CPU
		{4C50E8EF-C71B-41E9-8A76-A8269A316329}.Debug|Any CPU.ActiveCfg = Debug|Any CPU
		{4C50E8EF-C71B-41E9-8A76-A8269A316329}.Debug|Any CPU.Build.0 = Debug|Any CPU
		{4C50E8EF-C71B-41E9-8A76-A8269A316329}.Release|Any CPU.ActiveCfg = Release|Any CPU
		{4C50E8EF-C71B-41E9-8A76-A8269A316329}.Release|Any CPU.Build.0 = Release|Any CPU
		{94CAC9AA-E9FE-4117-9DD1-DC7FD437E856}.Debug|Any CPU.ActiveCfg = Debug|Any CPU
		{94CAC9AA-E9FE-4117-9DD1-DC7FD437E856}.Debug|Any CPU.Build.0 = Debug|Any CPU
		{94CAC9AA-E9FE-4117-9DD1-DC7FD437E856}.Release|Any CPU.ActiveCfg = Release|Any CPU
		{94CAC9AA-E9FE-4117-9DD1-DC7FD437E856}.Release|Any CPU.Build.0 = Release|Any CPU
		{F6CA1FD4-7AF3-4A43-8367-82BC7B6C3D44}.Debug|Any CPU.ActiveCfg = Debug|Any CPU
		{F6CA1FD4-7AF3-4A43-8367-82BC7B6C3D44}.Debug|Any CPU.Build.0 = Debug|Any CPU
		{F6CA1FD4-7AF3-4A43-8367-82BC7B6C3D44}.Release|Any CPU.ActiveCfg = Release|Any CPU
		{F6CA1FD4-7AF3-4A43-8367-82BC7B6C3D44}.Release|Any CPU.Build.0 = Release|Any CPU
		{219ADF61-F8D9-438C-A1E8-47692B8265D5}.Debug|Any CPU.ActiveCfg = Debug|Any CPU
		{219ADF61-F8D9-438C-A1E8-47692B8265D5}.Debug|Any CPU.Build.0 = Debug|Any CPU
		{219ADF61-F8D9-438C-A1E8-47692B8265D5}.Release|Any CPU.ActiveCfg = Release|Any CPU
		{219ADF61-F8D9-438C-A1E8-47692B8265D5}.Release|Any CPU.Build.0 = Release|Any CPU
		{A3529F83-FD23-47A6-B6EF-8E07EF981BE9}.Debug|Any CPU.ActiveCfg = Debug|Any CPU
		{A3529F83-FD23-47A6-B6EF-8E07EF981BE9}.Debug|Any CPU.Build.0 = Debug|Any CPU
		{A3529F83-FD23-47A6-B6EF-8E07EF981BE9}.Release|Any CPU.ActiveCfg = Release|Any CPU
		{A3529F83-FD23-47A6-B6EF-8E07EF981BE9}.Release|Any CPU.Build.0 = Release|Any CPU
		{B8A522CC-F8C3-4259-A38B-55C18EE0A8CA}.Debug|Any CPU.ActiveCfg = Debug|Any CPU
		{B8A522CC-F8C3-4259-A38B-55C18EE0A8CA}.Debug|Any CPU.Build.0 = Debug|Any CPU
		{B8A522CC-F8C3-4259-A38B-55C18EE0A8CA}.Release|Any CPU.ActiveCfg = Release|Any CPU
		{B8A522CC-F8C3-4259-A38B-55C18EE0A8CA}.Release|Any CPU.Build.0 = Release|Any CPU
		{2B8FE366-61C5-459C-BC6C-A0FF51D8F95B}.Debug|Any CPU.ActiveCfg = Debug|Any CPU
		{2B8FE366-61C5-459C-BC6C-A0FF51D8F95B}.Debug|Any CPU.Build.0 = Debug|Any CPU
		{2B8FE366-61C5-459C-BC6C-A0FF51D8F95B}.Release|Any CPU.ActiveCfg = Release|Any CPU
		{2B8FE366-61C5-459C-BC6C-A0FF51D8F95B}.Release|Any CPU.Build.0 = Release|Any CPU
		{EB8A8D60-42AB-486C-A776-34C759E6E713}.Debug|Any CPU.ActiveCfg = Debug|Any CPU
		{EB8A8D60-42AB-486C-A776-34C759E6E713}.Debug|Any CPU.Build.0 = Debug|Any CPU
		{EB8A8D60-42AB-486C-A776-34C759E6E713}.Release|Any CPU.ActiveCfg = Release|Any CPU
		{EB8A8D60-42AB-486C-A776-34C759E6E713}.Release|Any CPU.Build.0 = Release|Any CPU
		{D725DE1F-3604-4193-9F3F-BDC11DCAFFC3}.Debug|Any CPU.ActiveCfg = Debug|Any CPU
		{D725DE1F-3604-4193-9F3F-BDC11DCAFFC3}.Debug|Any CPU.Build.0 = Debug|Any CPU
		{D725DE1F-3604-4193-9F3F-BDC11DCAFFC3}.Release|Any CPU.ActiveCfg = Release|Any CPU
		{D725DE1F-3604-4193-9F3F-BDC11DCAFFC3}.Release|Any CPU.Build.0 = Release|Any CPU
		{7DA79A05-1D22-4113-8DE7-CA715360AB18}.Debug|Any CPU.ActiveCfg = Debug|Any CPU
		{7DA79A05-1D22-4113-8DE7-CA715360AB18}.Debug|Any CPU.Build.0 = Debug|Any CPU
		{7DA79A05-1D22-4113-8DE7-CA715360AB18}.Release|Any CPU.ActiveCfg = Release|Any CPU
		{7DA79A05-1D22-4113-8DE7-CA715360AB18}.Release|Any CPU.Build.0 = Release|Any CPU
		{E27EEF57-9705-447A-B8EE-E319709498E0}.Debug|Any CPU.ActiveCfg = Debug|Any CPU
		{E27EEF57-9705-447A-B8EE-E319709498E0}.Debug|Any CPU.Build.0 = Debug|Any CPU
		{E27EEF57-9705-447A-B8EE-E319709498E0}.Release|Any CPU.ActiveCfg = Release|Any CPU
		{E27EEF57-9705-447A-B8EE-E319709498E0}.Release|Any CPU.Build.0 = Release|Any CPU
		{6F350D75-2E87-4392-814A-77F0DA2CC091}.Debug|Any CPU.ActiveCfg = Debug|Any CPU
		{6F350D75-2E87-4392-814A-77F0DA2CC091}.Debug|Any CPU.Build.0 = Debug|Any CPU
		{6F350D75-2E87-4392-814A-77F0DA2CC091}.Release|Any CPU.ActiveCfg = Release|Any CPU
		{6F350D75-2E87-4392-814A-77F0DA2CC091}.Release|Any CPU.Build.0 = Release|Any CPU
		{F3A4C967-C38B-4D2A-9B52-0132B8A4AB2D}.Debug|Any CPU.ActiveCfg = Debug|Any CPU
		{F3A4C967-C38B-4D2A-9B52-0132B8A4AB2D}.Debug|Any CPU.Build.0 = Debug|Any CPU
		{F3A4C967-C38B-4D2A-9B52-0132B8A4AB2D}.Release|Any CPU.ActiveCfg = Release|Any CPU
		{F3A4C967-C38B-4D2A-9B52-0132B8A4AB2D}.Release|Any CPU.Build.0 = Release|Any CPU
		{3C169A2B-9C16-4990-9DBB-1B09ADC90ADE}.Debug|Any CPU.ActiveCfg = Debug|Any CPU
		{3C169A2B-9C16-4990-9DBB-1B09ADC90ADE}.Debug|Any CPU.Build.0 = Debug|Any CPU
		{3C169A2B-9C16-4990-9DBB-1B09ADC90ADE}.Release|Any CPU.ActiveCfg = Release|Any CPU
		{3C169A2B-9C16-4990-9DBB-1B09ADC90ADE}.Release|Any CPU.Build.0 = Release|Any CPU
		{ABD52C13-26FF-4DF1-B6F5-CBE1F6F16CD8}.Debug|Any CPU.ActiveCfg = Debug|Any CPU
		{ABD52C13-26FF-4DF1-B6F5-CBE1F6F16CD8}.Debug|Any CPU.Build.0 = Debug|Any CPU
		{ABD52C13-26FF-4DF1-B6F5-CBE1F6F16CD8}.Release|Any CPU.ActiveCfg = Release|Any CPU
		{ABD52C13-26FF-4DF1-B6F5-CBE1F6F16CD8}.Release|Any CPU.Build.0 = Release|Any CPU
		{8E757634-2291-430E-9F26-87CA9CE387B5}.Debug|Any CPU.ActiveCfg = Debug|Any CPU
		{8E757634-2291-430E-9F26-87CA9CE387B5}.Debug|Any CPU.Build.0 = Debug|Any CPU
		{8E757634-2291-430E-9F26-87CA9CE387B5}.Release|Any CPU.ActiveCfg = Release|Any CPU
		{8E757634-2291-430E-9F26-87CA9CE387B5}.Release|Any CPU.Build.0 = Release|Any CPU
		{9C931942-4419-4F53-82A5-7724FE075769}.Debug|Any CPU.ActiveCfg = Debug|Any CPU
		{9C931942-4419-4F53-82A5-7724FE075769}.Debug|Any CPU.Build.0 = Debug|Any CPU
		{9C931942-4419-4F53-82A5-7724FE075769}.Release|Any CPU.ActiveCfg = Release|Any CPU
		{9C931942-4419-4F53-82A5-7724FE075769}.Release|Any CPU.Build.0 = Release|Any CPU
		{726C408E-793A-44F6-85CF-668E577CA3BA}.Debug|Any CPU.ActiveCfg = Debug|Any CPU
		{726C408E-793A-44F6-85CF-668E577CA3BA}.Debug|Any CPU.Build.0 = Debug|Any CPU
		{726C408E-793A-44F6-85CF-668E577CA3BA}.Release|Any CPU.ActiveCfg = Release|Any CPU
		{726C408E-793A-44F6-85CF-668E577CA3BA}.Release|Any CPU.Build.0 = Release|Any CPU
		{B8DC64C3-717B-436B-A7FE-6D88D7D4AF0B}.Debug|Any CPU.ActiveCfg = Debug|Any CPU
		{B8DC64C3-717B-436B-A7FE-6D88D7D4AF0B}.Debug|Any CPU.Build.0 = Debug|Any CPU
		{B8DC64C3-717B-436B-A7FE-6D88D7D4AF0B}.Release|Any CPU.ActiveCfg = Release|Any CPU
		{B8DC64C3-717B-436B-A7FE-6D88D7D4AF0B}.Release|Any CPU.Build.0 = Release|Any CPU
	EndGlobalSection
	GlobalSection(SolutionProperties) = preSolution
		HideSolutionNode = FALSE
	EndGlobalSection
	GlobalSection(ExtensibilityGlobals) = postSolution
		SolutionGuid = {9E0B3860-8B5F-4A4C-8155-2A1C5BD2B492}
	EndGlobalSection
EndGlobal
