
Microsoft Visual Studio Solution File, Format Version 12.00
# Visual Studio Version 17
VisualStudioVersion = 17.9.34622.214
MinimumVisualStudioVersion = 10.0.40219.1
Project("{9A19103F-16F7-4668-BE54-9A1E7A4F7556}") = "Code_First", "Database_First\Code_First.csproj", "{957C8892-B625-4DBB-88EA-1551A4C5A0CF}"
EndProject
Project("{9A19103F-16F7-4668-BE54-9A1E7A4F7556}") = "Persisting_The_Data_Delete", "Persisting_The_Data_Delete\Persisting_The_Data_Delete.csproj", "{E79D571F-29B0-4556-819E-3BDAC9825CB8}"
EndProject
Project("{9A19103F-16F7-4668-BE54-9A1E7A4F7556}") = "Querying", "Querying\Querying.csproj", "{904A24B6-1F76-4D8F-8F55-A78C4E240925}"
EndProject
Project("{9A19103F-16F7-4668-BE54-9A1E7A4F7556}") = "Change_Tracker", "Change_Tracker\Change_Tracker.csproj", "{2B6E3DA6-53DA-4FCA-BF5D-404092C256EF}"
EndProject
Project("{9A19103F-16F7-4668-BE54-9A1E7A4F7556}") = "Tracking", "Change_Tracker_Methods\Tracking.csproj", "{7EA4CBE3-31B6-4C8B-9823-29BA8AE01541}"
EndProject
Project("{9A19103F-16F7-4668-BE54-9A1E7A4F7556}") = "Relationships", "Relationships\Relationships.csproj", "{9CE41F7A-958C-4550-9A18-0655A9045BBE}"
EndProject
Project("{9A19103F-16F7-4668-BE54-9A1E7A4F7556}") = "One_to_One_Relationship", "One_to_One_Relationship\One_to_One_Relationship.csproj", "{AC067CA1-24D1-45C2-9831-C3D7F7CD5450}"
EndProject
Project("{9A19103F-16F7-4668-BE54-9A1E7A4F7556}") = "One_to_Many_Relationship", "One_to_Many_Relationship\One_to_Many_Relationship.csproj", "{EDF4A94A-C444-4842-9441-71DEF85E6242}"
EndProject
Project("{FAE04EC0-301F-11D3-BF4B-00C04F79EFBC}") = "Many_to_Many_Relationship", "Many_to_Many_Relationship\Many_to_Many_Relationship.csproj", "{A4BB71A2-4A57-4C83-A44D-761A01691510}"
EndProject
Project("{FAE04EC0-301F-11D3-BF4B-00C04F79EFBC}") = "Saving_Related_Data", "Saving_Related_Data\Saving_Related_Data.csproj", "{A140459A-0B1A-4395-A0C3-E1E5FD991E3E}"
EndProject
Project("{FAE04EC0-301F-11D3-BF4B-00C04F79EFBC}") = "Updatipng_Related_Data", "Updatipng_Related_Data\Updatipng_Related_Data.csproj", "{736E96F7-5C7A-4283-B12A-47282C1C7E9A}"
EndProject
Project("{9A19103F-16F7-4668-BE54-9A1E7A4F7556}") = "Deleting_Related_Data", "Deleting_Related_Data\Deleting_Related_Data.csproj", "{27D9F83F-1D96-4FB1-9D5D-29B6251B08F5}"
EndProject
Project("{9A19103F-16F7-4668-BE54-9A1E7A4F7556}") = "Backing_Fields", "Backing_Fields\Backing_Fields.csproj", "{92DE2A92-2C30-4395-B0F2-BA71E50327C5}"
EndProject
Project("{9A19103F-16F7-4668-BE54-9A1E7A4F7556}") = "Shadow_Property", "Shadow_Property\Shadow_Property.csproj", "{915DA4C4-7A57-4DA5-ACA1-E475536461C9}"
EndProject
Project("{9A19103F-16F7-4668-BE54-9A1E7A4F7556}") = "EF_Core_Configuration", "EF_Core_Configuration\EF_Core_Configuration.csproj", "{3740FF25-B361-4E60-BACE-083094D7956C}"
EndProject
Project("{9A19103F-16F7-4668-BE54-9A1E7A4F7556}") = "Generated_Values", "Generated_Values\Generated_Values.csproj", "{359BC7F6-1A0E-4E0C-B960-AD99CDD43B4A}"
EndProject
Project("{FAE04EC0-301F-11D3-BF4B-00C04F79EFBC}") = "Separate_Configuration_Classes", "Separate_Configuration_Classes\Separate_Configuration_Classes.csproj", "{5D7A3383-1BD1-4BFA-8F79-87149BEBBC86}"
EndProject
Global
	GlobalSection(SolutionConfigurationPlatforms) = preSolution
		Debug|Any CPU = Debug|Any CPU
		Release|Any CPU = Release|Any CPU
	EndGlobalSection
	GlobalSection(ProjectConfigurationPlatforms) = postSolution
		{957C8892-B625-4DBB-88EA-1551A4C5A0CF}.Debug|Any CPU.ActiveCfg = Debug|Any CPU
		{957C8892-B625-4DBB-88EA-1551A4C5A0CF}.Debug|Any CPU.Build.0 = Debug|Any CPU
		{957C8892-B625-4DBB-88EA-1551A4C5A0CF}.Release|Any CPU.ActiveCfg = Release|Any CPU
		{957C8892-B625-4DBB-88EA-1551A4C5A0CF}.Release|Any CPU.Build.0 = Release|Any CPU
		{E79D571F-29B0-4556-819E-3BDAC9825CB8}.Debug|Any CPU.ActiveCfg = Debug|Any CPU
		{E79D571F-29B0-4556-819E-3BDAC9825CB8}.Debug|Any CPU.Build.0 = Debug|Any CPU
		{E79D571F-29B0-4556-819E-3BDAC9825CB8}.Release|Any CPU.ActiveCfg = Release|Any CPU
		{E79D571F-29B0-4556-819E-3BDAC9825CB8}.Release|Any CPU.Build.0 = Release|Any CPU
		{904A24B6-1F76-4D8F-8F55-A78C4E240925}.Debug|Any CPU.ActiveCfg = Debug|Any CPU
		{904A24B6-1F76-4D8F-8F55-A78C4E240925}.Debug|Any CPU.Build.0 = Debug|Any CPU
		{904A24B6-1F76-4D8F-8F55-A78C4E240925}.Release|Any CPU.ActiveCfg = Release|Any CPU
		{904A24B6-1F76-4D8F-8F55-A78C4E240925}.Release|Any CPU.Build.0 = Release|Any CPU
		{2B6E3DA6-53DA-4FCA-BF5D-404092C256EF}.Debug|Any CPU.ActiveCfg = Debug|Any CPU
		{2B6E3DA6-53DA-4FCA-BF5D-404092C256EF}.Debug|Any CPU.Build.0 = Debug|Any CPU
		{2B6E3DA6-53DA-4FCA-BF5D-404092C256EF}.Release|Any CPU.ActiveCfg = Release|Any CPU
		{2B6E3DA6-53DA-4FCA-BF5D-404092C256EF}.Release|Any CPU.Build.0 = Release|Any CPU
		{7EA4CBE3-31B6-4C8B-9823-29BA8AE01541}.Debug|Any CPU.ActiveCfg = Debug|Any CPU
		{7EA4CBE3-31B6-4C8B-9823-29BA8AE01541}.Debug|Any CPU.Build.0 = Debug|Any CPU
		{7EA4CBE3-31B6-4C8B-9823-29BA8AE01541}.Release|Any CPU.ActiveCfg = Release|Any CPU
		{7EA4CBE3-31B6-4C8B-9823-29BA8AE01541}.Release|Any CPU.Build.0 = Release|Any CPU
		{9CE41F7A-958C-4550-9A18-0655A9045BBE}.Debug|Any CPU.ActiveCfg = Debug|Any CPU
		{9CE41F7A-958C-4550-9A18-0655A9045BBE}.Debug|Any CPU.Build.0 = Debug|Any CPU
		{9CE41F7A-958C-4550-9A18-0655A9045BBE}.Release|Any CPU.ActiveCfg = Release|Any CPU
		{9CE41F7A-958C-4550-9A18-0655A9045BBE}.Release|Any CPU.Build.0 = Release|Any CPU
		{AC067CA1-24D1-45C2-9831-C3D7F7CD5450}.Debug|Any CPU.ActiveCfg = Debug|Any CPU
		{AC067CA1-24D1-45C2-9831-C3D7F7CD5450}.Debug|Any CPU.Build.0 = Debug|Any CPU
		{AC067CA1-24D1-45C2-9831-C3D7F7CD5450}.Release|Any CPU.ActiveCfg = Release|Any CPU
		{AC067CA1-24D1-45C2-9831-C3D7F7CD5450}.Release|Any CPU.Build.0 = Release|Any CPU
		{EDF4A94A-C444-4842-9441-71DEF85E6242}.Debug|Any CPU.ActiveCfg = Debug|Any CPU
		{EDF4A94A-C444-4842-9441-71DEF85E6242}.Debug|Any CPU.Build.0 = Debug|Any CPU
		{EDF4A94A-C444-4842-9441-71DEF85E6242}.Release|Any CPU.ActiveCfg = Release|Any CPU
		{EDF4A94A-C444-4842-9441-71DEF85E6242}.Release|Any CPU.Build.0 = Release|Any CPU
		{A4BB71A2-4A57-4C83-A44D-761A01691510}.Debug|Any CPU.ActiveCfg = Debug|Any CPU
		{A4BB71A2-4A57-4C83-A44D-761A01691510}.Debug|Any CPU.Build.0 = Debug|Any CPU
		{A4BB71A2-4A57-4C83-A44D-761A01691510}.Release|Any CPU.ActiveCfg = Release|Any CPU
		{A4BB71A2-4A57-4C83-A44D-761A01691510}.Release|Any CPU.Build.0 = Release|Any CPU
		{A140459A-0B1A-4395-A0C3-E1E5FD991E3E}.Debug|Any CPU.ActiveCfg = Debug|Any CPU
		{A140459A-0B1A-4395-A0C3-E1E5FD991E3E}.Debug|Any CPU.Build.0 = Debug|Any CPU
		{A140459A-0B1A-4395-A0C3-E1E5FD991E3E}.Release|Any CPU.ActiveCfg = Release|Any CPU
		{A140459A-0B1A-4395-A0C3-E1E5FD991E3E}.Release|Any CPU.Build.0 = Release|Any CPU
		{736E96F7-5C7A-4283-B12A-47282C1C7E9A}.Debug|Any CPU.ActiveCfg = Debug|Any CPU
		{736E96F7-5C7A-4283-B12A-47282C1C7E9A}.Debug|Any CPU.Build.0 = Debug|Any CPU
		{736E96F7-5C7A-4283-B12A-47282C1C7E9A}.Release|Any CPU.ActiveCfg = Release|Any CPU
		{736E96F7-5C7A-4283-B12A-47282C1C7E9A}.Release|Any CPU.Build.0 = Release|Any CPU
		{27D9F83F-1D96-4FB1-9D5D-29B6251B08F5}.Debug|Any CPU.ActiveCfg = Debug|Any CPU
		{27D9F83F-1D96-4FB1-9D5D-29B6251B08F5}.Debug|Any CPU.Build.0 = Debug|Any CPU
		{27D9F83F-1D96-4FB1-9D5D-29B6251B08F5}.Release|Any CPU.ActiveCfg = Release|Any CPU
		{27D9F83F-1D96-4FB1-9D5D-29B6251B08F5}.Release|Any CPU.Build.0 = Release|Any CPU
		{92DE2A92-2C30-4395-B0F2-BA71E50327C5}.Debug|Any CPU.ActiveCfg = Debug|Any CPU
		{92DE2A92-2C30-4395-B0F2-BA71E50327C5}.Debug|Any CPU.Build.0 = Debug|Any CPU
		{92DE2A92-2C30-4395-B0F2-BA71E50327C5}.Release|Any CPU.ActiveCfg = Release|Any CPU
		{92DE2A92-2C30-4395-B0F2-BA71E50327C5}.Release|Any CPU.Build.0 = Release|Any CPU
		{915DA4C4-7A57-4DA5-ACA1-E475536461C9}.Debug|Any CPU.ActiveCfg = Debug|Any CPU
		{915DA4C4-7A57-4DA5-ACA1-E475536461C9}.Debug|Any CPU.Build.0 = Debug|Any CPU
		{915DA4C4-7A57-4DA5-ACA1-E475536461C9}.Release|Any CPU.ActiveCfg = Release|Any CPU
		{915DA4C4-7A57-4DA5-ACA1-E475536461C9}.Release|Any CPU.Build.0 = Release|Any CPU
		{3740FF25-B361-4E60-BACE-083094D7956C}.Debug|Any CPU.ActiveCfg = Debug|Any CPU
		{3740FF25-B361-4E60-BACE-083094D7956C}.Debug|Any CPU.Build.0 = Debug|Any CPU
		{3740FF25-B361-4E60-BACE-083094D7956C}.Release|Any CPU.ActiveCfg = Release|Any CPU
		{3740FF25-B361-4E60-BACE-083094D7956C}.Release|Any CPU.Build.0 = Release|Any CPU
		{359BC7F6-1A0E-4E0C-B960-AD99CDD43B4A}.Debug|Any CPU.ActiveCfg = Debug|Any CPU
		{359BC7F6-1A0E-4E0C-B960-AD99CDD43B4A}.Debug|Any CPU.Build.0 = Debug|Any CPU
		{359BC7F6-1A0E-4E0C-B960-AD99CDD43B4A}.Release|Any CPU.ActiveCfg = Release|Any CPU
		{359BC7F6-1A0E-4E0C-B960-AD99CDD43B4A}.Release|Any CPU.Build.0 = Release|Any CPU
		{5D7A3383-1BD1-4BFA-8F79-87149BEBBC86}.Debug|Any CPU.ActiveCfg = Debug|Any CPU
		{5D7A3383-1BD1-4BFA-8F79-87149BEBBC86}.Debug|Any CPU.Build.0 = Debug|Any CPU
		{5D7A3383-1BD1-4BFA-8F79-87149BEBBC86}.Release|Any CPU.ActiveCfg = Release|Any CPU
		{5D7A3383-1BD1-4BFA-8F79-87149BEBBC86}.Release|Any CPU.Build.0 = Release|Any CPU
	EndGlobalSection
	GlobalSection(SolutionProperties) = preSolution
		HideSolutionNode = FALSE
	EndGlobalSection
	GlobalSection(ExtensibilityGlobals) = postSolution
		SolutionGuid = {9E0B3860-8B5F-4A4C-8155-2A1C5BD2B492}
	EndGlobalSection
EndGlobal
